
Microsoft Visual Studio Solution File, Format Version 12.00
# Visual Studio 15
VisualStudioVersion = 15.0.26730.12
MinimumVisualStudioVersion = 10.0.40219.1
Project("{9A19103F-16F7-4668-BE54-9A1E7A4F7556}") = "MathAnalytics", "MathAnalytics\MathAnalytics.csproj", "{22447389-140B-46FA-B6AE-0569EEAEFA03}"
EndProject
Project("{9A19103F-16F7-4668-BE54-9A1E7A4F7556}") = "MathAnalytics.Test", "MathAnalytics.Test\MathAnalytics.Test.csproj", "{56A9DC2A-25F2-48E6-B34C-D656A961F65E}"
EndProject
Global
	GlobalSection(SolutionConfigurationPlatforms) = preSolution
		Debug|Any CPU = Debug|Any CPU
		Release|Any CPU = Release|Any CPU
	EndGlobalSection
	GlobalSection(ProjectConfigurationPlatforms) = postSolution
		{22447389-140B-46FA-B6AE-0569EEAEFA03}.Debug|Any CPU.ActiveCfg = Debug|Any CPU
		{22447389-140B-46FA-B6AE-0569EEAEFA03}.Debug|Any CPU.Build.0 = Debug|Any CPU
		{22447389-140B-46FA-B6AE-0569EEAEFA03}.Release|Any CPU.ActiveCfg = Release|Any CPU
		{22447389-140B-46FA-B6AE-0569EEAEFA03}.Release|Any CPU.Build.0 = Release|Any CPU
		{56A9DC2A-25F2-48E6-B34C-D656A961F65E}.Debug|Any CPU.ActiveCfg = Debug|Any CPU
		{56A9DC2A-25F2-48E6-B34C-D656A961F65E}.Debug|Any CPU.Build.0 = Debug|Any CPU
		{56A9DC2A-25F2-48E6-B34C-D656A961F65E}.Release|Any CPU.ActiveCfg = Release|Any CPU
		{56A9DC2A-25F2-48E6-B34C-D656A961F65E}.Release|Any CPU.Build.0 = Release|Any CPU
	EndGlobalSection
	GlobalSection(SolutionProperties) = preSolution
		HideSolutionNode = FALSE
	EndGlobalSection
	GlobalSection(ExtensibilityGlobals) = postSolution
		SolutionGuid = {1C51500A-ADCA-4B61-94A5-0C9E9BD17436}
	EndGlobalSection
EndGlobal
